
Microsoft Visual Studio Solution File, Format Version 12.00
# Visual Studio 15
VisualStudioVersion = 15.0.28307.705
MinimumVisualStudioVersion = 10.0.40219.1
Project("{9A19103F-16F7-4668-BE54-9A1E7A4F7556}") = "Alzayed.Utilities.Logger", "Alzayed.Utilities.Logger\Alzayed.Utilities.Logger.csproj", "{589B1FE4-2034-486C-BFE1-65C0DC2376C6}"
EndProject
Global
	GlobalSection(SolutionConfigurationPlatforms) = preSolution
		Debug|Any CPU = Debug|Any CPU
		Release|Any CPU = Release|Any CPU
	EndGlobalSection
	GlobalSection(ProjectConfigurationPlatforms) = postSolution
		{589B1FE4-2034-486C-BFE1-65C0DC2376C6}.Debug|Any CPU.ActiveCfg = Debug|Any CPU
		{589B1FE4-2034-486C-BFE1-65C0DC2376C6}.Debug|Any CPU.Build.0 = Debug|Any CPU
		{589B1FE4-2034-486C-BFE1-65C0DC2376C6}.Release|Any CPU.ActiveCfg = Release|Any CPU
		{589B1FE4-2034-486C-BFE1-65C0DC2376C6}.Release|Any CPU.Build.0 = Release|Any CPU
	EndGlobalSection
	GlobalSection(SolutionProperties) = preSolution
		HideSolutionNode = FALSE
	EndGlobalSection
	GlobalSection(ExtensibilityGlobals) = postSolution
		SolutionGuid = {8A405A8D-D462-4727-A023-463BC5C1F198}
	EndGlobalSection
EndGlobal
